
Microsoft Visual Studio Solution File, Format Version 12.00
# Visual Studio Version 17
VisualStudioVersion = 17.5.002.0
MinimumVisualStudioVersion = 10.0.40219.1
Project("{9A19103F-16F7-4668-BE54-9A1E7A4F7556}") = "Lezione2", "Lezione2.csproj", "{EE7F445E-C1CC-4F9B-895B-2B466B671F24}"
EndProject
Global
	GlobalSection(SolutionConfigurationPlatforms) = preSolution
		Debug|Any CPU = Debug|Any CPU
		Release|Any CPU = Release|Any CPU
	EndGlobalSection
	GlobalSection(ProjectConfigurationPlatforms) = postSolution
		{EE7F445E-C1CC-4F9B-895B-2B466B671F24}.Debug|Any CPU.ActiveCfg = Debug|Any CPU
		{EE7F445E-C1CC-4F9B-895B-2B466B671F24}.Debug|Any CPU.Build.0 = Debug|Any CPU
		{EE7F445E-C1CC-4F9B-895B-2B466B671F24}.Release|Any CPU.ActiveCfg = Release|Any CPU
		{EE7F445E-C1CC-4F9B-895B-2B466B671F24}.Release|Any CPU.Build.0 = Release|Any CPU
	EndGlobalSection
	GlobalSection(SolutionProperties) = preSolution
		HideSolutionNode = FALSE
	EndGlobalSection
	GlobalSection(ExtensibilityGlobals) = postSolution
		SolutionGuid = {3BB05B28-4CCB-4467-BC20-CD3146A1D7E2}
	EndGlobalSection
EndGlobal
